
Microsoft Visual Studio Solution File, Format Version 12.00
# Visual Studio Version 17
VisualStudioVersion = 17.13.35931.197
MinimumVisualStudioVersion = 10.0.40219.1
Project("{FAE04EC0-301F-11D3-BF4B-00C04F79EFBC}") = "ImageManagement.Domain", "ImageManagement.Domain\ImageManagement.Domain.csproj", "{F6FBDB10-62FC-47BD-A293-C649D4DBEB44}"
EndProject
Project("{FAE04EC0-301F-11D3-BF4B-00C04F79EFBC}") = "ImageManagement.Infrastructure", "ImageManagement.Infrastructure\ImageManagement.Infrastructure.csproj", "{5620576A-0322-4D9F-9B87-0D663C932328}"
EndProject
Project("{FAE04EC0-301F-11D3-BF4B-00C04F79EFBC}") = "ImageManagement.Api", "ImageManagement.Api\ImageManagement.Api.csproj", "{9CC605E5-45A3-2380-3AC1-B77D6AEDC955}"
EndProject
Project("{E53339B2-1760-4266-BCC7-CA923CBCF16C}") = "docker-compose", "docker-compose.dcproj", "{81DDED9D-158B-E303-5F62-77A2896D2A5A}"
EndProject
Global
	GlobalSection(SolutionConfigurationPlatforms) = preSolution
		Debug|Any CPU = Debug|Any CPU
		Release|Any CPU = Release|Any CPU
	EndGlobalSection
	GlobalSection(ProjectConfigurationPlatforms) = postSolution
		{F6FBDB10-62FC-47BD-A293-C649D4DBEB44}.Debug|Any CPU.ActiveCfg = Debug|Any CPU
		{F6FBDB10-62FC-47BD-A293-C649D4DBEB44}.Debug|Any CPU.Build.0 = Debug|Any CPU
		{F6FBDB10-62FC-47BD-A293-C649D4DBEB44}.Release|Any CPU.ActiveCfg = Release|Any CPU
		{F6FBDB10-62FC-47BD-A293-C649D4DBEB44}.Release|Any CPU.Build.0 = Release|Any CPU
		{5620576A-0322-4D9F-9B87-0D663C932328}.Debug|Any CPU.ActiveCfg = Debug|Any CPU
		{5620576A-0322-4D9F-9B87-0D663C932328}.Debug|Any CPU.Build.0 = Debug|Any CPU
		{5620576A-0322-4D9F-9B87-0D663C932328}.Release|Any CPU.ActiveCfg = Release|Any CPU
		{5620576A-0322-4D9F-9B87-0D663C932328}.Release|Any CPU.Build.0 = Release|Any CPU
		{9CC605E5-45A3-2380-3AC1-B77D6AEDC955}.Debug|Any CPU.ActiveCfg = Debug|Any CPU
		{9CC605E5-45A3-2380-3AC1-B77D6AEDC955}.Debug|Any CPU.Build.0 = Debug|Any CPU
		{9CC605E5-45A3-2380-3AC1-B77D6AEDC955}.Release|Any CPU.ActiveCfg = Release|Any CPU
		{9CC605E5-45A3-2380-3AC1-B77D6AEDC955}.Release|Any CPU.Build.0 = Release|Any CPU
		{81DDED9D-158B-E303-5F62-77A2896D2A5A}.Debug|Any CPU.ActiveCfg = Debug|Any CPU
		{81DDED9D-158B-E303-5F62-77A2896D2A5A}.Debug|Any CPU.Build.0 = Debug|Any CPU
		{81DDED9D-158B-E303-5F62-77A2896D2A5A}.Release|Any CPU.ActiveCfg = Release|Any CPU
		{81DDED9D-158B-E303-5F62-77A2896D2A5A}.Release|Any CPU.Build.0 = Release|Any CPU
	EndGlobalSection
	GlobalSection(SolutionProperties) = preSolution
		HideSolutionNode = FALSE
	EndGlobalSection
	GlobalSection(ExtensibilityGlobals) = postSolution
		SolutionGuid = {06ACCEBB-F66C-4B70-8EAD-F494D2F63BC2}
	EndGlobalSection
EndGlobal
